
Microsoft Visual Studio Solution File, Format Version 12.00
# Visual Studio 15
VisualStudioVersion = 15.0.26730.8
MinimumVisualStudioVersion = 10.0.40219.1
Project("{FAE04EC0-301F-11D3-BF4B-00C04F79EFBC}") = "TPMS Receptance", "TPMS Receptance\TPMS Receptance.csproj", "{B4ED95F4-DFF7-483B-A47B-BA2B6B81AEDD}"
EndProject
Global
	GlobalSection(SolutionConfigurationPlatforms) = preSolution
		Debug|Any CPU = Debug|Any CPU
		Release|Any CPU = Release|Any CPU
	EndGlobalSection
	GlobalSection(ProjectConfigurationPlatforms) = postSolution
		{B4ED95F4-DFF7-483B-A47B-BA2B6B81AEDD}.Debug|Any CPU.ActiveCfg = Debug|Any CPU
		{B4ED95F4-DFF7-483B-A47B-BA2B6B81AEDD}.Debug|Any CPU.Build.0 = Debug|Any CPU
		{B4ED95F4-DFF7-483B-A47B-BA2B6B81AEDD}.Release|Any CPU.ActiveCfg = Release|Any CPU
		{B4ED95F4-DFF7-483B-A47B-BA2B6B81AEDD}.Release|Any CPU.Build.0 = Release|Any CPU
	EndGlobalSection
	GlobalSection(SolutionProperties) = preSolution
		HideSolutionNode = FALSE
	EndGlobalSection
	GlobalSection(ExtensibilityGlobals) = postSolution
		SolutionGuid = {EEC6513C-9527-43FD-AEEC-083B9E326348}
	EndGlobalSection
EndGlobal
